// !$*UTF8*$!
{
	archiveVersion = 1;
	classes = {
	};
	objectVersion = 56;
	objects = {

/* Begin PBXBuildFile section */
		C4D587D42B9DBDF200BB9F15 /* Astro_QuestApp.swift in Sources */ = {isa = PBXBuildFile; fileRef = C4D587D32B9DBDF200BB9F15 /* Astro_QuestApp.swift */; };
		C4D587D82B9DBDF300BB9F15 /* Assets.xcassets in Resources */ = {isa = PBXBuildFile; fileRef = C4D587D72B9DBDF300BB9F15 /* Assets.xcassets */; };
		C4D587DC2B9DBDF300BB9F15 /* Preview Assets.xcassets in Resources */ = {isa = PBXBuildFile; fileRef = C4D587DB2B9DBDF300BB9F15 /* Preview Assets.xcassets */; };
		C4D587E32B9DBE4100BB9F15 /* AstroListView.swift in Sources */ = {isa = PBXBuildFile; fileRef = C4D587E22B9DBE4100BB9F15 /* AstroListView.swift */; };
		C4D587E52B9DBF8200BB9F15 /* MediaItemsResponse.swift in Sources */ = {isa = PBXBuildFile; fileRef = C4D587E42B9DBF8200BB9F15 /* MediaItemsResponse.swift */; };
		C4D587E72B9DBFDD00BB9F15 /* AstroListViewModel.swift in Sources */ = {isa = PBXBuildFile; fileRef = C4D587E62B9DBFDD00BB9F15 /* AstroListViewModel.swift */; };
		C4D587EB2B9DC0ED00BB9F15 /* ImageItemView.swift in Sources */ = {isa = PBXBuildFile; fileRef = C4D587EA2B9DC0ED00BB9F15 /* ImageItemView.swift */; };
		C4D587ED2B9DCA0100BB9F15 /* MediaItemsDomain.swift in Sources */ = {isa = PBXBuildFile; fileRef = C4D587EC2B9DCA0100BB9F15 /* MediaItemsDomain.swift */; };
/* End PBXBuildFile section */

/* Begin PBXFileReference section */
		C4D587D02B9DBDF200BB9F15 /* Astro-Quest.app */ = {isa = PBXFileReference; explicitFileType = wrapper.application; includeInIndex = 0; path = "Astro-Quest.app"; sourceTree = BUILT_PRODUCTS_DIR; };
		C4D587D32B9DBDF200BB9F15 /* Astro_QuestApp.swift */ = {isa = PBXFileReference; lastKnownFileType = sourcecode.swift; path = Astro_QuestApp.swift; sourceTree = "<group>"; };
		C4D587D72B9DBDF300BB9F15 /* Assets.xcassets */ = {isa = PBXFileReference; lastKnownFileType = folder.assetcatalog; path = Assets.xcassets; sourceTree = "<group>"; };
		C4D587D92B9DBDF300BB9F15 /* Astro_Quest.entitlements */ = {isa = PBXFileReference; lastKnownFileType = text.plist.entitlements; path = Astro_Quest.entitlements; sourceTree = "<group>"; };
		C4D587DB2B9DBDF300BB9F15 /* Preview Assets.xcassets */ = {isa = PBXFileReference; lastKnownFileType = folder.assetcatalog; path = "Preview Assets.xcassets"; sourceTree = "<group>"; };
		C4D587E22B9DBE4100BB9F15 /* AstroListView.swift */ = {isa = PBXFileReference; lastKnownFileType = sourcecode.swift; path = AstroListView.swift; sourceTree = "<group>"; };
		C4D587E42B9DBF8200BB9F15 /* MediaItemsResponse.swift */ = {isa = PBXFileReference; lastKnownFileType = sourcecode.swift; path = MediaItemsResponse.swift; sourceTree = "<group>"; };
		C4D587E62B9DBFDD00BB9F15 /* AstroListViewModel.swift */ = {isa = PBXFileReference; lastKnownFileType = sourcecode.swift; path = AstroListViewModel.swift; sourceTree = "<group>"; };
		C4D587EA2B9DC0ED00BB9F15 /* ImageItemView.swift */ = {isa = PBXFileReference; lastKnownFileType = sourcecode.swift; path = ImageItemView.swift; sourceTree = "<group>"; };
		C4D587EC2B9DCA0100BB9F15 /* MediaItemsDomain.swift */ = {isa = PBXFileReference; lastKnownFileType = sourcecode.swift; path = MediaItemsDomain.swift; sourceTree = "<group>"; };
/* End PBXFileReference section */

/* Begin PBXFrameworksBuildPhase section */
		C4D587CD2B9DBDF200BB9F15 /* Frameworks */ = {
			isa = PBXFrameworksBuildPhase;
			buildActionMask = 2147483647;
			files = (
			);
			runOnlyForDeploymentPostprocessing = 0;
		};
/* End PBXFrameworksBuildPhase section */

/* Begin PBXGroup section */
		C4D587C72B9DBDF200BB9F15 = {
			isa = PBXGroup;
			children = (
				C4D587D22B9DBDF200BB9F15 /* Astro-Quest */,
				C4D587D12B9DBDF200BB9F15 /* Products */,
			);
			sourceTree = "<group>";
		};
		C4D587D12B9DBDF200BB9F15 /* Products */ = {
			isa = PBXGroup;
			children = (
				C4D587D02B9DBDF200BB9F15 /* Astro-Quest.app */,
			);
			name = Products;
			sourceTree = "<group>";
		};
		C4D587D22B9DBDF200BB9F15 /* Astro-Quest */ = {
			isa = PBXGroup;
			children = (
				C4D587D32B9DBDF200BB9F15 /* Astro_QuestApp.swift */,
				C4D587EF2B9DD03D00BB9F15 /* Modules */,
				C4D587EA2B9DC0ED00BB9F15 /* ImageItemView.swift */,
				C4D587EE2B9DCC3E00BB9F15 /* Data */,
				C4D587D72B9DBDF300BB9F15 /* Assets.xcassets */,
				C4D587D92B9DBDF300BB9F15 /* Astro_Quest.entitlements */,
				C4D587DA2B9DBDF300BB9F15 /* Preview Content */,
			);
			path = "Astro-Quest";
			sourceTree = "<group>";
		};
		C4D587DA2B9DBDF300BB9F15 /* Preview Content */ = {
			isa = PBXGroup;
			children = (
				C4D587DB2B9DBDF300BB9F15 /* Preview Assets.xcassets */,
			);
			path = "Preview Content";
			sourceTree = "<group>";
		};
		C4D587EE2B9DCC3E00BB9F15 /* Data */ = {
			isa = PBXGroup;
			children = (
				C4D587E42B9DBF8200BB9F15 /* MediaItemsResponse.swift */,
				C4D587EC2B9DCA0100BB9F15 /* MediaItemsDomain.swift */,
			);
			path = Data;
			sourceTree = "<group>";
		};
		C4D587EF2B9DD03D00BB9F15 /* Modules */ = {
			isa = PBXGroup;
			children = (
				C4D587E22B9DBE4100BB9F15 /* AstroListView.swift */,
				C4D587E62B9DBFDD00BB9F15 /* AstroListViewModel.swift */,
			);
			path = Modules;
			sourceTree = "<group>";
		};
/* End PBXGroup section */

/* Begin PBXNativeTarget section */
		C4D587CF2B9DBDF200BB9F15 /* Astro-Quest */ = {
			isa = PBXNativeTarget;
			buildConfigurationList = C4D587DF2B9DBDF300BB9F15 /* Build configuration list for PBXNativeTarget "Astro-Quest" */;
			buildPhases = (
				C4D587CC2B9DBDF200BB9F15 /* Sources */,
				C4D587CD2B9DBDF200BB9F15 /* Frameworks */,
				C4D587CE2B9DBDF200BB9F15 /* Resources */,
			);
			buildRules = (
			);
			dependencies = (
			);
			name = "Astro-Quest";
			productName = "Astro-Quest";
			productReference = C4D587D02B9DBDF200BB9F15 /* Astro-Quest.app */;
			productType = "com.apple.product-type.application";
		};
/* End PBXNativeTarget section */

/* Begin PBXProject section */
		C4D587C82B9DBDF200BB9F15 /* Project object */ = {
			isa = PBXProject;
			attributes = {
				BuildIndependentTargetsInParallel = 1;
				LastSwiftUpdateCheck = 1530;
				LastUpgradeCheck = 1530;
				TargetAttributes = {
					C4D587CF2B9DBDF200BB9F15 = {
						CreatedOnToolsVersion = 15.3;
					};
				};
			};
			buildConfigurationList = C4D587CB2B9DBDF200BB9F15 /* Build configuration list for PBXProject "Astro-Quest" */;
			compatibilityVersion = "Xcode 14.0";
			developmentRegion = en;
			hasScannedForEncodings = 0;
			knownRegions = (
				en,
				Base,
			);
			mainGroup = C4D587C72B9DBDF200BB9F15;
			productRefGroup = C4D587D12B9DBDF200BB9F15 /* Products */;
			projectDirPath = "";
			projectRoot = "";
			targets = (
				C4D587CF2B9DBDF200BB9F15 /* Astro-Quest */,
			);
		};
/* End PBXProject section */

/* Begin PBXResourcesBuildPhase section */
		C4D587CE2B9DBDF200BB9F15 /* Resources */ = {
			isa = PBXResourcesBuildPhase;
			buildActionMask = 2147483647;
			files = (
				C4D587DC2B9DBDF300BB9F15 /* Preview Assets.xcassets in Resources */,
				C4D587D82B9DBDF300BB9F15 /* Assets.xcassets in Resources */,
			);
			runOnlyForDeploymentPostprocessing = 0;
		};
/* End PBXResourcesBuildPhase section */

/* Begin PBXSourcesBuildPhase section */
		C4D587CC2B9DBDF200BB9F15 /* Sources */ = {
			isa = PBXSourcesBuildPhase;
			buildActionMask = 2147483647;
			files = (
				C4D587E52B9DBF8200BB9F15 /* MediaItemsResponse.swift in Sources */,
				C4D587E72B9DBFDD00BB9F15 /* AstroListViewModel.swift in Sources */,
				C4D587ED2B9DCA0100BB9F15 /* MediaItemsDomain.swift in Sources */,
				C4D587EB2B9DC0ED00BB9F15 /* ImageItemView.swift in Sources */,
				C4D587E32B9DBE4100BB9F15 /* AstroListView.swift in Sources */,
				C4D587D42B9DBDF200BB9F15 /* Astro_QuestApp.swift in Sources */,
			);
			runOnlyForDeploymentPostprocessing = 0;
		};
/* End PBXSourcesBuildPhase section */

/* Begin XCBuildConfiguration section */
		C4D587DD2B9DBDF300BB9F15 /* Debug */ = {
			isa = XCBuildConfiguration;
			buildSettings = {
				ALWAYS_SEARCH_USER_PATHS = NO;
				ASSETCATALOG_COMPILER_GENERATE_SWIFT_ASSET_SYMBOL_EXTENSIONS = YES;
				CLANG_ANALYZER_NONNULL = YES;
				CLANG_ANALYZER_NUMBER_OBJECT_CONVERSION = YES_AGGRESSIVE;
				CLANG_CXX_LANGUAGE_STANDARD = "gnu++20";
				CLANG_ENABLE_MODULES = YES;
				CLANG_ENABLE_OBJC_ARC = YES;
				CLANG_ENABLE_OBJC_WEAK = YES;
				CLANG_WARN_BLOCK_CAPTURE_AUTORELEASING = YES;
				CLANG_WARN_BOOL_CONVERSION = YES;
				CLANG_WARN_COMMA = YES;
				CLANG_WARN_CONSTANT_CONVERSION = YES;
				CLANG_WARN_DEPRECATED_OBJC_IMPLEMENTATIONS = YES;
				CLANG_WARN_DIRECT_OBJC_ISA_USAGE = YES_ERROR;
				CLANG_WARN_DOCUMENTATION_COMMENTS = YES;
				CLANG_WARN_EMPTY_BODY = YES;
				CLANG_WARN_ENUM_CONVERSION = YES;
				CLANG_WARN_INFINITE_RECURSION = YES;
				CLANG_WARN_INT_CONVERSION = YES;
				CLANG_WARN_NON_LITERAL_NULL_CONVERSION = YES;
				CLANG_WARN_OBJC_IMPLICIT_RETAIN_SELF = YES;
				CLANG_WARN_OBJC_LITERAL_CONVERSION = YES;
				CLANG_WARN_OBJC_ROOT_CLASS = YES_ERROR;
				CLANG_WARN_QUOTED_INCLUDE_IN_FRAMEWORK_HEADER = YES;
				CLANG_WARN_RANGE_LOOP_ANALYSIS = YES;
				CLANG_WARN_STRICT_PROTOTYPES = YES;
				CLANG_WARN_SUSPICIOUS_MOVE = YES;
				CLANG_WARN_UNGUARDED_AVAILABILITY = YES_AGGRESSIVE;
				CLANG_WARN_UNREACHABLE_CODE = YES;
				CLANG_WARN__DUPLICATE_METHOD_MATCH = YES;
				COPY_PHASE_STRIP = NO;
				DEBUG_INFORMATION_FORMAT = dwarf;
				ENABLE_STRICT_OBJC_MSGSEND = YES;
				ENABLE_TESTABILITY = YES;
				ENABLE_USER_SCRIPT_SANDBOXING = YES;
				GCC_C_LANGUAGE_STANDARD = gnu17;
				GCC_DYNAMIC_NO_PIC = NO;
				GCC_NO_COMMON_BLOCKS = YES;
				GCC_OPTIMIZATION_LEVEL = 0;
				GCC_PREPROCESSOR_DEFINITIONS = (
					"DEBUG=1",
					"$(inherited)",
				);
				GCC_WARN_64_TO_32_BIT_CONVERSION = YES;
				GCC_WARN_ABOUT_RETURN_TYPE = YES_ERROR;
				GCC_WARN_UNDECLARED_SELECTOR = YES;
				GCC_WARN_UNINITIALIZED_AUTOS = YES_AGGRESSIVE;
				GCC_WARN_UNUSED_FUNCTION = YES;
				GCC_WARN_UNUSED_VARIABLE = YES;
				LOCALIZATION_PREFERS_STRING_CATALOGS = YES;
				MTL_ENABLE_DEBUG_INFO = INCLUDE_SOURCE;
				MTL_FAST_MATH = YES;
				ONLY_ACTIVE_ARCH = YES;
				SWIFT_ACTIVE_COMPILATION_CONDITIONS = "DEBUG $(inherited)";
				SWIFT_OPTIMIZATION_LEVEL = "-Onone";
			};
			name = Debug;
		};
		C4D587DE2B9DBDF300BB9F15 /* Release */ = {
			isa = XCBuildConfiguration;
			buildSettings = {
				ALWAYS_SEARCH_USER_PATHS = NO;
				ASSETCATALOG_COMPILER_GENERATE_SWIFT_ASSET_SYMBOL_EXTENSIONS = YES;
				CLANG_ANALYZER_NONNULL = YES;
				CLANG_ANALYZER_NUMBER_OBJECT_CONVERSION = YES_AGGRESSIVE;
				CLANG_CXX_LANGUAGE_STANDARD = "gnu++20";
				CLANG_ENABLE_MODULES = YES;
				CLANG_ENABLE_OBJC_ARC = YES;
				CLANG_ENABLE_OBJC_WEAK = YES;
				CLANG_WARN_BLOCK_CAPTURE_AUTORELEASING = YES;
				CLANG_WARN_BOOL_CONVERSION = YES;
				CLANG_WARN_COMMA = YES;
				CLANG_WARN_CONSTANT_CONVERSION = YES;
				CLANG_WARN_DEPRECATED_OBJC_IMPLEMENTATIONS = YES;
				CLANG_WARN_DIRECT_OBJC_ISA_USAGE = YES_ERROR;
				CLANG_WARN_DOCUMENTATION_COMMENTS = YES;
				CLANG_WARN_EMPTY_BODY = YES;
				CLANG_WARN_ENUM_CONVERSION = YES;
				CLANG_WARN_INFINITE_RECURSION = YES;
				CLANG_WARN_INT_CONVERSION = YES;
				CLANG_WARN_NON_LITERAL_NULL_CONVERSION = YES;
				CLANG_WARN_OBJC_IMPLICIT_RETAIN_SELF = YES;
				CLANG_WARN_OBJC_LITERAL_CONVERSION = YES;
				CLANG_WARN_OBJC_ROOT_CLASS = YES_ERROR;
				CLANG_WARN_QUOTED_INCLUDE_IN_FRAMEWORK_HEADER = YES;
				CLANG_WARN_RANGE_LOOP_ANALYSIS = YES;
				CLANG_WARN_STRICT_PROTOTYPES = YES;
				CLANG_WARN_SUSPICIOUS_MOVE = YES;
				CLANG_WARN_UNGUARDED_AVAILABILITY = YES_AGGRESSIVE;
				CLANG_WARN_UNREACHABLE_CODE = YES;
				CLANG_WARN__DUPLICATE_METHOD_MATCH = YES;
				COPY_PHASE_STRIP = NO;
				DEBUG_INFORMATION_FORMAT = "dwarf-with-dsym";
				ENABLE_NS_ASSERTIONS = NO;
				ENABLE_STRICT_OBJC_MSGSEND = YES;
				ENABLE_USER_SCRIPT_SANDBOXING = YES;
				GCC_C_LANGUAGE_STANDARD = gnu17;
				GCC_NO_COMMON_BLOCKS = YES;
				GCC_WARN_64_TO_32_BIT_CONVERSION = YES;
				GCC_WARN_ABOUT_RETURN_TYPE = YES_ERROR;
				GCC_WARN_UNDECLARED_SELECTOR = YES;
				GCC_WARN_UNINITIALIZED_AUTOS = YES_AGGRESSIVE;
				GCC_WARN_UNUSED_FUNCTION = YES;
				GCC_WARN_UNUSED_VARIABLE = YES;
				LOCALIZATION_PREFERS_STRING_CATALOGS = YES;
				MTL_ENABLE_DEBUG_INFO = NO;
				MTL_FAST_MATH = YES;
				SWIFT_COMPILATION_MODE = wholemodule;
			};
			name = Release;
		};
		C4D587E02B9DBDF300BB9F15 /* Debug */ = {
			isa = XCBuildConfiguration;
			buildSettings = {
				ASSETCATALOG_COMPILER_APPICON_NAME = AppIcon;
				ASSETCATALOG_COMPILER_GLOBAL_ACCENT_COLOR_NAME = AccentColor;
				CODE_SIGN_ENTITLEMENTS = "Astro-Quest/Astro_Quest.entitlements";
				CODE_SIGN_STYLE = Automatic;
				CURRENT_PROJECT_VERSION = 1;
				DEVELOPMENT_ASSET_PATHS = "\"Astro-Quest/Preview Content\"";
				ENABLE_PREVIEWS = YES;
				GENERATE_INFOPLIST_FILE = YES;
				"INFOPLIST_KEY_UIApplicationSceneManifest_Generation[sdk=iphoneos*]" = YES;
				"INFOPLIST_KEY_UIApplicationSceneManifest_Generation[sdk=iphonesimulator*]" = YES;
				"INFOPLIST_KEY_UIApplicationSupportsIndirectInputEvents[sdk=iphoneos*]" = YES;
				"INFOPLIST_KEY_UIApplicationSupportsIndirectInputEvents[sdk=iphonesimulator*]" = YES;
				"INFOPLIST_KEY_UILaunchScreen_Generation[sdk=iphoneos*]" = YES;
				"INFOPLIST_KEY_UILaunchScreen_Generation[sdk=iphonesimulator*]" = YES;
				"INFOPLIST_KEY_UIStatusBarStyle[sdk=iphoneos*]" = UIStatusBarStyleDefault;
				"INFOPLIST_KEY_UIStatusBarStyle[sdk=iphonesimulator*]" = UIStatusBarStyleDefault;
				INFOPLIST_KEY_UISupportedInterfaceOrientations_iPad = "UIInterfaceOrientationPortrait UIInterfaceOrientationPortraitUpsideDown UIInterfaceOrientationLandscapeLeft UIInterfaceOrientationLandscapeRight";
				INFOPLIST_KEY_UISupportedInterfaceOrientations_iPhone = "UIInterfaceOrientationPortrait UIInterfaceOrientationLandscapeLeft UIInterfaceOrientationLandscapeRight";
				IPHONEOS_DEPLOYMENT_TARGET = 17.4;
				LD_RUNPATH_SEARCH_PATHS = "@executable_path/Frameworks";
				"LD_RUNPATH_SEARCH_PATHS[sdk=macosx*]" = "@executable_path/../Frameworks";
				MACOSX_DEPLOYMENT_TARGET = 14.4;
				MARKETING_VERSION = 1.0;
				PRODUCT_BUNDLE_IDENTIFIER = "digitalagelabs.Astro-Quest";
				PRODUCT_NAME = "$(TARGET_NAME)";
				SDKROOT = auto;
				SUPPORTED_PLATFORMS = "iphoneos iphonesimulator macosx xros xrsimulator";
				SUPPORTS_MACCATALYST = NO;
				SWIFT_EMIT_LOC_STRINGS = YES;
				SWIFT_VERSION = 5.0;
				TARGETED_DEVICE_FAMILY = "1,2,7";
			};
			name = Debug;
		};
		C4D587E12B9DBDF300BB9F15 /* Release */ = {
			isa = XCBuildConfiguration;
			buildSettings = {
				ASSETCATALOG_COMPILER_APPICON_NAME = AppIcon;
				ASSETCATALOG_COMPILER_GLOBAL_ACCENT_COLOR_NAME = AccentColor;
				CODE_SIGN_ENTITLEMENTS = "Astro-Quest/Astro_Quest.entitlements";
				CODE_SIGN_STYLE = Automatic;
				CURRENT_PROJECT_VERSION = 1;
				DEVELOPMENT_ASSET_PATHS = "\"Astro-Quest/Preview Content\"";
				ENABLE_PREVIEWS = YES;
				GENERATE_INFOPLIST_FILE = YES;
				"INFOPLIST_KEY_UIApplicationSceneManifest_Generation[sdk=iphoneos*]" = YES;
				"INFOPLIST_KEY_UIApplicationSceneManifest_Generation[sdk=iphonesimulator*]" = YES;
				"INFOPLIST_KEY_UIApplicationSupportsIndirectInputEvents[sdk=iphoneos*]" = YES;
				"INFOPLIST_KEY_UIApplicationSupportsIndirectInputEvents[sdk=iphonesimulator*]" = YES;
				"INFOPLIST_KEY_UILaunchScreen_Generation[sdk=iphoneos*]" = YES;
				"INFOPLIST_KEY_UILaunchScreen_Generation[sdk=iphonesimulator*]" = YES;
				"INFOPLIST_KEY_UIStatusBarStyle[sdk=iphoneos*]" = UIStatusBarStyleDefault;
				"INFOPLIST_KEY_UIStatusBarStyle[sdk=iphonesimulator*]" = UIStatusBarStyleDefault;
				INFOPLIST_KEY_UISupportedInterfaceOrientations_iPad = "UIInterfaceOrientationPortrait UIInterfaceOrientationPortraitUpsideDown UIInterfaceOrientationLandscapeLeft UIInterfaceOrientationLandscapeRight";
				INFOPLIST_KEY_UISupportedInterfaceOrientations_iPhone = "UIInterfaceOrientationPortrait UIInterfaceOrientationLandscapeLeft UIInterfaceOrientationLandscapeRight";
				IPHONEOS_DEPLOYMENT_TARGET = 17.4;
				LD_RUNPATH_SEARCH_PATHS = "@executable_path/Frameworks";
				"LD_RUNPATH_SEARCH_PATHS[sdk=macosx*]" = "@executable_path/../Frameworks";
				MACOSX_DEPLOYMENT_TARGET = 14.4;
				MARKETING_VERSION = 1.0;
				PRODUCT_BUNDLE_IDENTIFIER = "digitalagelabs.Astro-Quest";
				PRODUCT_NAME = "$(TARGET_NAME)";
				SDKROOT = auto;
				SUPPORTED_PLATFORMS = "iphoneos iphonesimulator macosx xros xrsimulator";
				SUPPORTS_MACCATALYST = NO;
				SWIFT_EMIT_LOC_STRINGS = YES;
				SWIFT_VERSION = 5.0;
				TARGETED_DEVICE_FAMILY = "1,2,7";
			};
			name = Release;
		};
/* End XCBuildConfiguration section */

/* Begin XCConfigurationList section */
		C4D587CB2B9DBDF200BB9F15 /* Build configuration list for PBXProject "Astro-Quest" */ = {
			isa = XCConfigurationList;
			buildConfigurations = (
				C4D587DD2B9DBDF300BB9F15 /* Debug */,
				C4D587DE2B9DBDF300BB9F15 /* Release */,
			);
			defaultConfigurationIsVisible = 0;
			defaultConfigurationName = Release;
		};
		C4D587DF2B9DBDF300BB9F15 /* Build configuration list for PBXNativeTarget "Astro-Quest" */ = {
			isa = XCConfigurationList;
			buildConfigurations = (
				C4D587E02B9DBDF300BB9F15 /* Debug */,
				C4D587E12B9DBDF300BB9F15 /* Release */,
			);
			defaultConfigurationIsVisible = 0;
			defaultConfigurationName = Release;
		};
/* End XCConfigurationList section */
	};
	rootObject = C4D587C82B9DBDF200BB9F15 /* Project object */;
}
